
Microsoft Visual Studio Solution File, Format Version 12.00
# Visual Studio Version 16
VisualStudioVersion = 16.0.32002.261
MinimumVisualStudioVersion = 10.0.40219.1
Project("{FAE04EC0-301F-11D3-BF4B-00C04F79EFBC}") = "Klassi hoone loomine", "Klassi hoone loomine\Klassi hoone loomine.csproj", "{0956C658-6E86-4117-9FA2-D245857F6CB6}"
EndProject
Global
	GlobalSection(SolutionConfigurationPlatforms) = preSolution
		Debug|Any CPU = Debug|Any CPU
		Release|Any CPU = Release|Any CPU
	EndGlobalSection
	GlobalSection(ProjectConfigurationPlatforms) = postSolution
		{0956C658-6E86-4117-9FA2-D245857F6CB6}.Debug|Any CPU.ActiveCfg = Debug|Any CPU
		{0956C658-6E86-4117-9FA2-D245857F6CB6}.Debug|Any CPU.Build.0 = Debug|Any CPU
		{0956C658-6E86-4117-9FA2-D245857F6CB6}.Release|Any CPU.ActiveCfg = Release|Any CPU
		{0956C658-6E86-4117-9FA2-D245857F6CB6}.Release|Any CPU.Build.0 = Release|Any CPU
	EndGlobalSection
	GlobalSection(SolutionProperties) = preSolution
		HideSolutionNode = FALSE
	EndGlobalSection
	GlobalSection(ExtensibilityGlobals) = postSolution
		SolutionGuid = {510F8558-8A3A-4A20-AD58-FC103B42964A}
	EndGlobalSection
EndGlobal
